
Microsoft Visual Studio Solution File, Format Version 12.00
# Visual Studio Version 16
VisualStudioVersion = 16.0.29920.165
MinimumVisualStudioVersion = 10.0.40219.1
Project("{9A19103F-16F7-4668-BE54-9A1E7A4F7556}") = "PackageSample.UI", "PackageSample.UI\PackageSample.UI.csproj", "{D64F25AF-4A7E-432E-A31D-00E2087BA132}"
EndProject
Project("{2150E333-8FDC-42A3-9474-1A3956D46DE8}") = "src", "src", "{9B6AFE04-2C7D-47BC-95FD-1CEA2F33AC1F}"
EndProject
Project("{FAE04EC0-301F-11D3-BF4B-00C04F79EFBC}") = "PackageSample.Library", "PackageSample.Library\PackageSample.Library.csproj", "{D3E6B630-72BA-403E-9BF9-E09846E896C1}"
EndProject
Project("{2150E333-8FDC-42A3-9474-1A3956D46DE8}") = "package", "package", "{1545446D-9658-44D2-A6B3-E45BB14D9D8A}"
EndProject
Project("{C7167F0D-BC9F-4E6E-AFE1-012C56B48DB5}") = "MSIXPackage", "MSIXPackage\MSIXPackage.wapproj", "{40062822-B671-4791-94D1-0B8386EEF40B}"
EndProject
Project("{2150E333-8FDC-42A3-9474-1A3956D46DE8}") = "tests", "tests", "{704697E4-3F11-4AD7-B730-007497D068CC}"
EndProject
Project("{FAE04EC0-301F-11D3-BF4B-00C04F79EFBC}") = "PackageSample.Tests", "PackageSample.Tests\PackageSample.Tests.csproj", "{35532F5A-8234-4DA1-89F0-4E70DA351A58}"
EndProject
Project("{2150E333-8FDC-42A3-9474-1A3956D46DE8}") = "devops", "devops", "{DBA7D1A5-D3E4-4D63-A568-5A81E7C19E9C}"
	ProjectSection(SolutionItems) = preProject
		..\azure-pipelines.yml = ..\azure-pipelines.yml
	EndProjectSection
EndProject
Global
	GlobalSection(SolutionConfigurationPlatforms) = preSolution
		Debug|Any CPU = Debug|Any CPU
		Debug|ARM = Debug|ARM
		Debug|ARM64 = Debug|ARM64
		Debug|x64 = Debug|x64
		Debug|x86 = Debug|x86
		Release|Any CPU = Release|Any CPU
		Release|ARM = Release|ARM
		Release|ARM64 = Release|ARM64
		Release|x64 = Release|x64
		Release|x86 = Release|x86
	EndGlobalSection
	GlobalSection(ProjectConfigurationPlatforms) = postSolution
		{D64F25AF-4A7E-432E-A31D-00E2087BA132}.Debug|Any CPU.ActiveCfg = Debug|Any CPU
		{D64F25AF-4A7E-432E-A31D-00E2087BA132}.Debug|Any CPU.Build.0 = Debug|Any CPU
		{D64F25AF-4A7E-432E-A31D-00E2087BA132}.Debug|ARM.ActiveCfg = Debug|Any CPU
		{D64F25AF-4A7E-432E-A31D-00E2087BA132}.Debug|ARM.Build.0 = Debug|Any CPU
		{D64F25AF-4A7E-432E-A31D-00E2087BA132}.Debug|ARM64.ActiveCfg = Debug|Any CPU
		{D64F25AF-4A7E-432E-A31D-00E2087BA132}.Debug|ARM64.Build.0 = Debug|Any CPU
		{D64F25AF-4A7E-432E-A31D-00E2087BA132}.Debug|x64.ActiveCfg = Debug|Any CPU
		{D64F25AF-4A7E-432E-A31D-00E2087BA132}.Debug|x64.Build.0 = Debug|Any CPU
		{D64F25AF-4A7E-432E-A31D-00E2087BA132}.Debug|x86.ActiveCfg = Debug|Any CPU
		{D64F25AF-4A7E-432E-A31D-00E2087BA132}.Debug|x86.Build.0 = Debug|Any CPU
		{D64F25AF-4A7E-432E-A31D-00E2087BA132}.Release|Any CPU.ActiveCfg = Release|x64
		{D64F25AF-4A7E-432E-A31D-00E2087BA132}.Release|Any CPU.Build.0 = Release|x64
		{D64F25AF-4A7E-432E-A31D-00E2087BA132}.Release|ARM.ActiveCfg = Release|Any CPU
		{D64F25AF-4A7E-432E-A31D-00E2087BA132}.Release|ARM.Build.0 = Release|Any CPU
		{D64F25AF-4A7E-432E-A31D-00E2087BA132}.Release|ARM64.ActiveCfg = Release|Any CPU
		{D64F25AF-4A7E-432E-A31D-00E2087BA132}.Release|ARM64.Build.0 = Release|Any CPU
		{D64F25AF-4A7E-432E-A31D-00E2087BA132}.Release|x64.ActiveCfg = Release|x64
		{D64F25AF-4A7E-432E-A31D-00E2087BA132}.Release|x64.Build.0 = Release|x64
		{D64F25AF-4A7E-432E-A31D-00E2087BA132}.Release|x86.ActiveCfg = Release|Any CPU
		{D64F25AF-4A7E-432E-A31D-00E2087BA132}.Release|x86.Build.0 = Release|Any CPU
		{D3E6B630-72BA-403E-9BF9-E09846E896C1}.Debug|Any CPU.ActiveCfg = Debug|Any CPU
		{D3E6B630-72BA-403E-9BF9-E09846E896C1}.Debug|Any CPU.Build.0 = Debug|Any CPU
		{D3E6B630-72BA-403E-9BF9-E09846E896C1}.Debug|ARM.ActiveCfg = Debug|Any CPU
		{D3E6B630-72BA-403E-9BF9-E09846E896C1}.Debug|ARM.Build.0 = Debug|Any CPU
		{D3E6B630-72BA-403E-9BF9-E09846E896C1}.Debug|ARM64.ActiveCfg = Debug|Any CPU
		{D3E6B630-72BA-403E-9BF9-E09846E896C1}.Debug|ARM64.Build.0 = Debug|Any CPU
		{D3E6B630-72BA-403E-9BF9-E09846E896C1}.Debug|x64.ActiveCfg = Debug|Any CPU
		{D3E6B630-72BA-403E-9BF9-E09846E896C1}.Debug|x64.Build.0 = Debug|Any CPU
		{D3E6B630-72BA-403E-9BF9-E09846E896C1}.Debug|x86.ActiveCfg = Debug|Any CPU
		{D3E6B630-72BA-403E-9BF9-E09846E896C1}.Debug|x86.Build.0 = Debug|Any CPU
		{D3E6B630-72BA-403E-9BF9-E09846E896C1}.Release|Any CPU.ActiveCfg = Release|x64
		{D3E6B630-72BA-403E-9BF9-E09846E896C1}.Release|Any CPU.Build.0 = Release|x64
		{D3E6B630-72BA-403E-9BF9-E09846E896C1}.Release|ARM.ActiveCfg = Release|Any CPU
		{D3E6B630-72BA-403E-9BF9-E09846E896C1}.Release|ARM.Build.0 = Release|Any CPU
		{D3E6B630-72BA-403E-9BF9-E09846E896C1}.Release|ARM64.ActiveCfg = Release|Any CPU
		{D3E6B630-72BA-403E-9BF9-E09846E896C1}.Release|ARM64.Build.0 = Release|Any CPU
		{D3E6B630-72BA-403E-9BF9-E09846E896C1}.Release|x64.ActiveCfg = Release|x64
		{D3E6B630-72BA-403E-9BF9-E09846E896C1}.Release|x64.Build.0 = Release|x64
		{D3E6B630-72BA-403E-9BF9-E09846E896C1}.Release|x86.ActiveCfg = Release|Any CPU
		{D3E6B630-72BA-403E-9BF9-E09846E896C1}.Release|x86.Build.0 = Release|Any CPU
		{40062822-B671-4791-94D1-0B8386EEF40B}.Debug|Any CPU.ActiveCfg = Debug|Any CPU
		{40062822-B671-4791-94D1-0B8386EEF40B}.Debug|Any CPU.Build.0 = Debug|Any CPU
		{40062822-B671-4791-94D1-0B8386EEF40B}.Debug|Any CPU.Deploy.0 = Debug|Any CPU
		{40062822-B671-4791-94D1-0B8386EEF40B}.Debug|ARM.ActiveCfg = Debug|ARM
		{40062822-B671-4791-94D1-0B8386EEF40B}.Debug|ARM.Build.0 = Debug|ARM
		{40062822-B671-4791-94D1-0B8386EEF40B}.Debug|ARM.Deploy.0 = Debug|ARM
		{40062822-B671-4791-94D1-0B8386EEF40B}.Debug|ARM64.ActiveCfg = Debug|ARM64
		{40062822-B671-4791-94D1-0B8386EEF40B}.Debug|ARM64.Build.0 = Debug|ARM64
		{40062822-B671-4791-94D1-0B8386EEF40B}.Debug|ARM64.Deploy.0 = Debug|ARM64
		{40062822-B671-4791-94D1-0B8386EEF40B}.Debug|x64.ActiveCfg = Debug|x64
		{40062822-B671-4791-94D1-0B8386EEF40B}.Debug|x64.Build.0 = Debug|x64
		{40062822-B671-4791-94D1-0B8386EEF40B}.Debug|x64.Deploy.0 = Debug|x64
		{40062822-B671-4791-94D1-0B8386EEF40B}.Debug|x86.ActiveCfg = Debug|x86
		{40062822-B671-4791-94D1-0B8386EEF40B}.Debug|x86.Build.0 = Debug|x86
		{40062822-B671-4791-94D1-0B8386EEF40B}.Debug|x86.Deploy.0 = Debug|x86
		{40062822-B671-4791-94D1-0B8386EEF40B}.Release|Any CPU.ActiveCfg = Release|x64
		{40062822-B671-4791-94D1-0B8386EEF40B}.Release|Any CPU.Build.0 = Release|x64
		{40062822-B671-4791-94D1-0B8386EEF40B}.Release|Any CPU.Deploy.0 = Release|x64
		{40062822-B671-4791-94D1-0B8386EEF40B}.Release|ARM.ActiveCfg = Release|ARM
		{40062822-B671-4791-94D1-0B8386EEF40B}.Release|ARM.Build.0 = Release|ARM
		{40062822-B671-4791-94D1-0B8386EEF40B}.Release|ARM.Deploy.0 = Release|ARM
		{40062822-B671-4791-94D1-0B8386EEF40B}.Release|ARM64.ActiveCfg = Release|ARM64
		{40062822-B671-4791-94D1-0B8386EEF40B}.Release|ARM64.Build.0 = Release|ARM64
		{40062822-B671-4791-94D1-0B8386EEF40B}.Release|ARM64.Deploy.0 = Release|ARM64
		{40062822-B671-4791-94D1-0B8386EEF40B}.Release|x64.ActiveCfg = Release|x64
		{40062822-B671-4791-94D1-0B8386EEF40B}.Release|x64.Build.0 = Release|x64
		{40062822-B671-4791-94D1-0B8386EEF40B}.Release|x64.Deploy.0 = Release|x64
		{40062822-B671-4791-94D1-0B8386EEF40B}.Release|x86.ActiveCfg = Release|x86
		{40062822-B671-4791-94D1-0B8386EEF40B}.Release|x86.Build.0 = Release|x86
		{40062822-B671-4791-94D1-0B8386EEF40B}.Release|x86.Deploy.0 = Release|x86
		{35532F5A-8234-4DA1-89F0-4E70DA351A58}.Debug|Any CPU.ActiveCfg = Debug|Any CPU
		{35532F5A-8234-4DA1-89F0-4E70DA351A58}.Debug|Any CPU.Build.0 = Debug|Any CPU
		{35532F5A-8234-4DA1-89F0-4E70DA351A58}.Debug|ARM.ActiveCfg = Debug|Any CPU
		{35532F5A-8234-4DA1-89F0-4E70DA351A58}.Debug|ARM.Build.0 = Debug|Any CPU
		{35532F5A-8234-4DA1-89F0-4E70DA351A58}.Debug|ARM64.ActiveCfg = Debug|Any CPU
		{35532F5A-8234-4DA1-89F0-4E70DA351A58}.Debug|ARM64.Build.0 = Debug|Any CPU
		{35532F5A-8234-4DA1-89F0-4E70DA351A58}.Debug|x64.ActiveCfg = Debug|Any CPU
		{35532F5A-8234-4DA1-89F0-4E70DA351A58}.Debug|x64.Build.0 = Debug|Any CPU
		{35532F5A-8234-4DA1-89F0-4E70DA351A58}.Debug|x86.ActiveCfg = Debug|Any CPU
		{35532F5A-8234-4DA1-89F0-4E70DA351A58}.Debug|x86.Build.0 = Debug|Any CPU
		{35532F5A-8234-4DA1-89F0-4E70DA351A58}.Release|Any CPU.ActiveCfg = Release|x64
		{35532F5A-8234-4DA1-89F0-4E70DA351A58}.Release|Any CPU.Build.0 = Release|x64
		{35532F5A-8234-4DA1-89F0-4E70DA351A58}.Release|ARM.ActiveCfg = Release|Any CPU
		{35532F5A-8234-4DA1-89F0-4E70DA351A58}.Release|ARM.Build.0 = Release|Any CPU
		{35532F5A-8234-4DA1-89F0-4E70DA351A58}.Release|ARM64.ActiveCfg = Release|Any CPU
		{35532F5A-8234-4DA1-89F0-4E70DA351A58}.Release|ARM64.Build.0 = Release|Any CPU
		{35532F5A-8234-4DA1-89F0-4E70DA351A58}.Release|x64.ActiveCfg = Release|x64
		{35532F5A-8234-4DA1-89F0-4E70DA351A58}.Release|x64.Build.0 = Release|x64
		{35532F5A-8234-4DA1-89F0-4E70DA351A58}.Release|x86.ActiveCfg = Release|Any CPU
		{35532F5A-8234-4DA1-89F0-4E70DA351A58}.Release|x86.Build.0 = Release|Any CPU
	EndGlobalSection
	GlobalSection(SolutionProperties) = preSolution
		HideSolutionNode = FALSE
	EndGlobalSection
	GlobalSection(NestedProjects) = preSolution
		{D64F25AF-4A7E-432E-A31D-00E2087BA132} = {9B6AFE04-2C7D-47BC-95FD-1CEA2F33AC1F}
		{D3E6B630-72BA-403E-9BF9-E09846E896C1} = {9B6AFE04-2C7D-47BC-95FD-1CEA2F33AC1F}
		{40062822-B671-4791-94D1-0B8386EEF40B} = {1545446D-9658-44D2-A6B3-E45BB14D9D8A}
		{35532F5A-8234-4DA1-89F0-4E70DA351A58} = {704697E4-3F11-4AD7-B730-007497D068CC}
	EndGlobalSection
	GlobalSection(ExtensibilityGlobals) = postSolution
		SolutionGuid = {A2370AE7-8F4C-47A5-8678-EEFB0583C287}
	EndGlobalSection
EndGlobal
